// !$*UTF8*$!
{
	archiveVersion = 1;
	classes = {
	};
	objectVersion = 46;
	objects = {

/* Begin PBXBuildFile section */
		C94101691790AADE006378C3 /* Foundation.framework in Frameworks */ = {isa = PBXBuildFile; fileRef = C94101681790AADE006378C3 /* Foundation.framework */; };
		C941016B1790AADE006378C3 /* CoreGraphics.framework in Frameworks */ = {isa = PBXBuildFile; fileRef = C941016A1790AADE006378C3 /* CoreGraphics.framework */; };
		C941016D1790AADE006378C3 /* UIKit.framework in Frameworks */ = {isa = PBXBuildFile; fileRef = C941016C1790AADE006378C3 /* UIKit.framework */; };
		C94101731790AADE006378C3 /* InfoPlist.strings in Resources */ = {isa = PBXBuildFile; fileRef = C94101711790AADE006378C3 /* InfoPlist.strings */; };
		C94101751790AADE006378C3 /* main.m in Sources */ = {isa = PBXBuildFile; fileRef = C94101741790AADE006378C3 /* main.m */; };
		C94101791790AADE006378C3 /* AppDelegate.m in Sources */ = {isa = PBXBuildFile; fileRef = C94101781790AADE006378C3 /* AppDelegate.m */; };
		C941017C1790AADE006378C3 /* Main.storyboard in Resources */ = {isa = PBXBuildFile; fileRef = C941017A1790AADE006378C3 /* Main.storyboard */; };
		C941017F1790AADE006378C3 /* ViewController.m in Sources */ = {isa = PBXBuildFile; fileRef = C941017E1790AADE006378C3 /* ViewController.m */; };
		C94101811790AADE006378C3 /* Images.xcassets in Resources */ = {isa = PBXBuildFile; fileRef = C94101801790AADE006378C3 /* Images.xcassets */; };
		C94101881790AADE006378C3 /* XCTest.framework in Frameworks */ = {isa = PBXBuildFile; fileRef = C94101871790AADE006378C3 /* XCTest.framework */; };
		C94101891790AADE006378C3 /* Foundation.framework in Frameworks */ = {isa = PBXBuildFile; fileRef = C94101681790AADE006378C3 /* Foundation.framework */; };
		C941018A1790AADE006378C3 /* UIKit.framework in Frameworks */ = {isa = PBXBuildFile; fileRef = C941016C1790AADE006378C3 /* UIKit.framework */; };
		C94101921790AADE006378C3 /* InfoPlist.strings in Resources */ = {isa = PBXBuildFile; fileRef = C94101901790AADE006378C3 /* InfoPlist.strings */; };
		C94101941790AADE006378C3 /* AudioHostTests.m in Sources */ = {isa = PBXBuildFile; fileRef = C94101931790AADE006378C3 /* AudioHostTests.m */; };
		C941019F1790AAF2006378C3 /* AudioToolbox.framework in Frameworks */ = {isa = PBXBuildFile; fileRef = C941019E1790AAF2006378C3 /* AudioToolbox.framework */; };
		C94101A81790ADDF006378C3 /* InterAppAudioUnit.m in Sources */ = {isa = PBXBuildFile; fileRef = C94101A11790ADDF006378C3 /* InterAppAudioUnit.m */; };
		C94101AA1790ADDF006378C3 /* SelectIAAUViewController.m in Sources */ = {isa = PBXBuildFile; fileRef = C94101A51790ADDF006378C3 /* SelectIAAUViewController.m */; };
/* End PBXBuildFile section */

/* Begin PBXContainerItemProxy section */
		C941018B1790AADE006378C3 /* PBXContainerItemProxy */ = {
			isa = PBXContainerItemProxy;
			containerPortal = C941015D1790AADE006378C3 /* Project object */;
			proxyType = 1;
			remoteGlobalIDString = C94101641790AADE006378C3;
			remoteInfo = AudioHost;
		};
/* End PBXContainerItemProxy section */

/* Begin PBXFileReference section */
		C94101651790AADE006378C3 /* AudioHost.app */ = {isa = PBXFileReference; explicitFileType = wrapper.application; includeInIndex = 0; path = AudioHost.app; sourceTree = BUILT_PRODUCTS_DIR; };
		C94101681790AADE006378C3 /* Foundation.framework */ = {isa = PBXFileReference; lastKnownFileType = wrapper.framework; name = Foundation.framework; path = System/Library/Frameworks/Foundation.framework; sourceTree = SDKROOT; };
		C941016A1790AADE006378C3 /* CoreGraphics.framework */ = {isa = PBXFileReference; lastKnownFileType = wrapper.framework; name = CoreGraphics.framework; path = System/Library/Frameworks/CoreGraphics.framework; sourceTree = SDKROOT; };
		C941016C1790AADE006378C3 /* UIKit.framework */ = {isa = PBXFileReference; lastKnownFileType = wrapper.framework; name = UIKit.framework; path = System/Library/Frameworks/UIKit.framework; sourceTree = SDKROOT; };
		C94101701790AADE006378C3 /* AudioHost-Info.plist */ = {isa = PBXFileReference; lastKnownFileType = text.plist.xml; path = "AudioHost-Info.plist"; sourceTree = "<group>"; };
		C94101721790AADE006378C3 /* en */ = {isa = PBXFileReference; lastKnownFileType = text.plist.strings; name = en; path = en.lproj/InfoPlist.strings; sourceTree = "<group>"; };
		C94101741790AADE006378C3 /* main.m */ = {isa = PBXFileReference; lastKnownFileType = sourcecode.c.objc; path = main.m; sourceTree = "<group>"; };
		C94101761790AADE006378C3 /* AudioHost-Prefix.pch */ = {isa = PBXFileReference; lastKnownFileType = sourcecode.c.h; path = "AudioHost-Prefix.pch"; sourceTree = "<group>"; };
		C94101771790AADE006378C3 /* AppDelegate.h */ = {isa = PBXFileReference; lastKnownFileType = sourcecode.c.h; path = AppDelegate.h; sourceTree = "<group>"; };
		C94101781790AADE006378C3 /* AppDelegate.m */ = {isa = PBXFileReference; lastKnownFileType = sourcecode.c.objc; path = AppDelegate.m; sourceTree = "<group>"; };
		C941017B1790AADE006378C3 /* Base */ = {isa = PBXFileReference; lastKnownFileType = file.storyboard; name = Base; path = Base.lproj/Main.storyboard; sourceTree = "<group>"; };
		C941017D1790AADE006378C3 /* ViewController.h */ = {isa = PBXFileReference; lastKnownFileType = sourcecode.c.h; path = ViewController.h; sourceTree = "<group>"; };
		C941017E1790AADE006378C3 /* ViewController.m */ = {isa = PBXFileReference; lastKnownFileType = sourcecode.c.objc; path = ViewController.m; sourceTree = "<group>"; };
		C94101801790AADE006378C3 /* Images.xcassets */ = {isa = PBXFileReference; lastKnownFileType = folder.assetcatalog; path = Images.xcassets; sourceTree = "<group>"; };
		C94101861790AADE006378C3 /* AudioHostTests.xctest */ = {isa = PBXFileReference; explicitFileType = wrapper.cfbundle; includeInIndex = 0; path = AudioHostTests.xctest; sourceTree = BUILT_PRODUCTS_DIR; };
		C94101871790AADE006378C3 /* XCTest.framework */ = {isa = PBXFileReference; lastKnownFileType = wrapper.framework; name = XCTest.framework; path = Library/Frameworks/XCTest.framework; sourceTree = DEVELOPER_DIR; };
		C941018F1790AADE006378C3 /* AudioHostTests-Info.plist */ = {isa = PBXFileReference; lastKnownFileType = text.plist.xml; path = "AudioHostTests-Info.plist"; sourceTree = "<group>"; };
		C94101911790AADE006378C3 /* en */ = {isa = PBXFileReference; lastKnownFileType = text.plist.strings; name = en; path = en.lproj/InfoPlist.strings; sourceTree = "<group>"; };
		C94101931790AADE006378C3 /* AudioHostTests.m */ = {isa = PBXFileReference; lastKnownFileType = sourcecode.c.objc; path = AudioHostTests.m; sourceTree = "<group>"; };
		C941019D1790AAF1006378C3 /* AudioHost.entitlements */ = {isa = PBXFileReference; lastKnownFileType = text.xml; path = AudioHost.entitlements; sourceTree = "<group>"; };
		C941019E1790AAF2006378C3 /* AudioToolbox.framework */ = {isa = PBXFileReference; lastKnownFileType = wrapper.framework; name = AudioToolbox.framework; path = System/Library/Frameworks/AudioToolbox.framework; sourceTree = SDKROOT; };
		C94101A01790ADDF006378C3 /* InterAppAudioUnit.h */ = {isa = PBXFileReference; fileEncoding = 4; lastKnownFileType = sourcecode.c.h; path = InterAppAudioUnit.h; sourceTree = "<group>"; };
		C94101A11790ADDF006378C3 /* InterAppAudioUnit.m */ = {isa = PBXFileReference; fileEncoding = 4; lastKnownFileType = sourcecode.c.objc; path = InterAppAudioUnit.m; sourceTree = "<group>"; };
		C94101A41790ADDF006378C3 /* SelectIAAUViewController.h */ = {isa = PBXFileReference; fileEncoding = 4; lastKnownFileType = sourcecode.c.h; path = SelectIAAUViewController.h; sourceTree = "<group>"; };
		C94101A51790ADDF006378C3 /* SelectIAAUViewController.m */ = {isa = PBXFileReference; fileEncoding = 4; lastKnownFileType = sourcecode.c.objc; path = SelectIAAUViewController.m; sourceTree = "<group>"; };
/* End PBXFileReference section */

/* Begin PBXFrameworksBuildPhase section */
		C94101621790AADE006378C3 /* Frameworks */ = {
			isa = PBXFrameworksBuildPhase;
			buildActionMask = 2147483647;
			files = (
				C941016B1790AADE006378C3 /* CoreGraphics.framework in Frameworks */,
				C941016D1790AADE006378C3 /* UIKit.framework in Frameworks */,
				C94101691790AADE006378C3 /* Foundation.framework in Frameworks */,
				C941019F1790AAF2006378C3 /* AudioToolbox.framework in Frameworks */,
			);
			runOnlyForDeploymentPostprocessing = 0;
		};
		C94101831790AADE006378C3 /* Frameworks */ = {
			isa = PBXFrameworksBuildPhase;
			buildActionMask = 2147483647;
			files = (
				C94101881790AADE006378C3 /* XCTest.framework in Frameworks */,
				C941018A1790AADE006378C3 /* UIKit.framework in Frameworks */,
				C94101891790AADE006378C3 /* Foundation.framework in Frameworks */,
			);
			runOnlyForDeploymentPostprocessing = 0;
		};
/* End PBXFrameworksBuildPhase section */

/* Begin PBXGroup section */
		C941015C1790AADE006378C3 = {
			isa = PBXGroup;
			children = (
				C941016E1790AADE006378C3 /* AudioHost */,
				C941018D1790AADE006378C3 /* AudioHostTests */,
				C94101671790AADE006378C3 /* Frameworks */,
				C94101661790AADE006378C3 /* Products */,
			);
			sourceTree = "<group>";
		};
		C94101661790AADE006378C3 /* Products */ = {
			isa = PBXGroup;
			children = (
				C94101651790AADE006378C3 /* AudioHost.app */,
				C94101861790AADE006378C3 /* AudioHostTests.xctest */,
			);
			name = Products;
			sourceTree = "<group>";
		};
		C94101671790AADE006378C3 /* Frameworks */ = {
			isa = PBXGroup;
			children = (
				C941019E1790AAF2006378C3 /* AudioToolbox.framework */,
				C94101681790AADE006378C3 /* Foundation.framework */,
				C941016A1790AADE006378C3 /* CoreGraphics.framework */,
				C941016C1790AADE006378C3 /* UIKit.framework */,
				C94101871790AADE006378C3 /* XCTest.framework */,
			);
			name = Frameworks;
			sourceTree = "<group>";
		};
		C941016E1790AADE006378C3 /* AudioHost */ = {
			isa = PBXGroup;
			children = (
				C941019D1790AAF1006378C3 /* AudioHost.entitlements */,
				C94101771790AADE006378C3 /* AppDelegate.h */,
				C94101781790AADE006378C3 /* AppDelegate.m */,
				C941017A1790AADE006378C3 /* Main.storyboard */,
				C941017D1790AADE006378C3 /* ViewController.h */,
				C941017E1790AADE006378C3 /* ViewController.m */,
				C94101A01790ADDF006378C3 /* InterAppAudioUnit.h */,
				C94101A11790ADDF006378C3 /* InterAppAudioUnit.m */,
				C94101A41790ADDF006378C3 /* SelectIAAUViewController.h */,
				C94101A51790ADDF006378C3 /* SelectIAAUViewController.m */,
				C94101801790AADE006378C3 /* Images.xcassets */,
				C941016F1790AADE006378C3 /* Supporting Files */,
			);
			path = AudioHost;
			sourceTree = "<group>";
		};
		C941016F1790AADE006378C3 /* Supporting Files */ = {
			isa = PBXGroup;
			children = (
				C94101701790AADE006378C3 /* AudioHost-Info.plist */,
				C94101711790AADE006378C3 /* InfoPlist.strings */,
				C94101741790AADE006378C3 /* main.m */,
				C94101761790AADE006378C3 /* AudioHost-Prefix.pch */,
			);
			name = "Supporting Files";
			sourceTree = "<group>";
		};
		C941018D1790AADE006378C3 /* AudioHostTests */ = {
			isa = PBXGroup;
			children = (
				C94101931790AADE006378C3 /* AudioHostTests.m */,
				C941018E1790AADE006378C3 /* Supporting Files */,
			);
			path = AudioHostTests;
			sourceTree = "<group>";
		};
		C941018E1790AADE006378C3 /* Supporting Files */ = {
			isa = PBXGroup;
			children = (
				C941018F1790AADE006378C3 /* AudioHostTests-Info.plist */,
				C94101901790AADE006378C3 /* InfoPlist.strings */,
			);
			name = "Supporting Files";
			sourceTree = "<group>";
		};
/* End PBXGroup section */

/* Begin PBXNativeTarget section */
		C94101641790AADE006378C3 /* AudioHost */ = {
			isa = PBXNativeTarget;
			buildConfigurationList = C94101971790AADF006378C3 /* Build configuration list for PBXNativeTarget "AudioHost" */;
			buildPhases = (
				C94101611790AADE006378C3 /* Sources */,
				C94101621790AADE006378C3 /* Frameworks */,
				C94101631790AADE006378C3 /* Resources */,
			);
			buildRules = (
			);
			dependencies = (
			);
			name = AudioHost;
			productName = AudioHost;
			productReference = C94101651790AADE006378C3 /* AudioHost.app */;
			productType = "com.apple.product-type.application";
		};
		C94101851790AADE006378C3 /* AudioHostTests */ = {
			isa = PBXNativeTarget;
			buildConfigurationList = C941019A1790AADF006378C3 /* Build configuration list for PBXNativeTarget "AudioHostTests" */;
			buildPhases = (
				C94101821790AADE006378C3 /* Sources */,
				C94101831790AADE006378C3 /* Frameworks */,
				C94101841790AADE006378C3 /* Resources */,
			);
			buildRules = (
			);
			dependencies = (
				C941018C1790AADE006378C3 /* PBXTargetDependency */,
			);
			name = AudioHostTests;
			productName = AudioHostTests;
			productReference = C94101861790AADE006378C3 /* AudioHostTests.xctest */;
			productType = "com.apple.product-type.bundle.unit-test";
		};
/* End PBXNativeTarget section */

/* Begin PBXProject section */
		C941015D1790AADE006378C3 /* Project object */ = {
			isa = PBXProject;
			attributes = {
				LastUpgradeCheck = 0500;
				ORGANIZATIONNAME = "Matt Galloway";
				TargetAttributes = {
					C94101641790AADE006378C3 = {
						DevelopmentTeam = KGUUH6BP8Y;
						SystemCapabilities = {
							com.apple.BackgroundModes = {
								enabled = 1;
							};
							com.apple.InterAppAudio = {
								enabled = 1;
							};
						};
					};
					C94101851790AADE006378C3 = {
						TestTargetID = C94101641790AADE006378C3;
					};
				};
			};
			buildConfigurationList = C94101601790AADE006378C3 /* Build configuration list for PBXProject "AudioHost" */;
			compatibilityVersion = "Xcode 3.2";
			developmentRegion = English;
			hasScannedForEncodings = 0;
			knownRegions = (
				en,
				Base,
			);
			mainGroup = C941015C1790AADE006378C3;
			productRefGroup = C94101661790AADE006378C3 /* Products */;
			projectDirPath = "";
			projectRoot = "";
			targets = (
				C94101641790AADE006378C3 /* AudioHost */,
				C94101851790AADE006378C3 /* AudioHostTests */,
			);
		};
/* End PBXProject section */

/* Begin PBXResourcesBuildPhase section */
		C94101631790AADE006378C3 /* Resources */ = {
			isa = PBXResourcesBuildPhase;
			buildActionMask = 2147483647;
			files = (
				C94101811790AADE006378C3 /* Images.xcassets in Resources */,
				C94101731790AADE006378C3 /* InfoPlist.strings in Resources */,
				C941017C1790AADE006378C3 /* Main.storyboard in Resources */,
			);
			runOnlyForDeploymentPostprocessing = 0;
		};
		C94101841790AADE006378C3 /* Resources */ = {
			isa = PBXResourcesBuildPhase;
			buildActionMask = 2147483647;
			files = (
				C94101921790AADE006378C3 /* InfoPlist.strings in Resources */,
			);
			runOnlyForDeploymentPostprocessing = 0;
		};
/* End PBXResourcesBuildPhase section */

/* Begin PBXSourcesBuildPhase section */
		C94101611790AADE006378C3 /* Sources */ = {
			isa = PBXSourcesBuildPhase;
			buildActionMask = 2147483647;
			files = (
				C94101A81790ADDF006378C3 /* InterAppAudioUnit.m in Sources */,
				C94101AA1790ADDF006378C3 /* SelectIAAUViewController.m in Sources */,
				C941017F1790AADE006378C3 /* ViewController.m in Sources */,
				C94101791790AADE006378C3 /* AppDelegate.m in Sources */,
				C94101751790AADE006378C3 /* main.m in Sources */,
			);
			runOnlyForDeploymentPostprocessing = 0;
		};
		C94101821790AADE006378C3 /* Sources */ = {
			isa = PBXSourcesBuildPhase;
			buildActionMask = 2147483647;
			files = (
				C94101941790AADE006378C3 /* AudioHostTests.m in Sources */,
			);
			runOnlyForDeploymentPostprocessing = 0;
		};
/* End PBXSourcesBuildPhase section */

/* Begin PBXTargetDependency section */
		C941018C1790AADE006378C3 /* PBXTargetDependency */ = {
			isa = PBXTargetDependency;
			target = C94101641790AADE006378C3 /* AudioHost */;
			targetProxy = C941018B1790AADE006378C3 /* PBXContainerItemProxy */;
		};
/* End PBXTargetDependency section */

/* Begin PBXVariantGroup section */
		C94101711790AADE006378C3 /* InfoPlist.strings */ = {
			isa = PBXVariantGroup;
			children = (
				C94101721790AADE006378C3 /* en */,
			);
			name = InfoPlist.strings;
			sourceTree = "<group>";
		};
		C941017A1790AADE006378C3 /* Main.storyboard */ = {
			isa = PBXVariantGroup;
			children = (
				C941017B1790AADE006378C3 /* Base */,
			);
			name = Main.storyboard;
			sourceTree = "<group>";
		};
		C94101901790AADE006378C3 /* InfoPlist.strings */ = {
			isa = PBXVariantGroup;
			children = (
				C94101911790AADE006378C3 /* en */,
			);
			name = InfoPlist.strings;
			sourceTree = "<group>";
		};
/* End PBXVariantGroup section */

/* Begin XCBuildConfiguration section */
		C94101951790AADF006378C3 /* Debug */ = {
			isa = XCBuildConfiguration;
			buildSettings = {
				ALWAYS_SEARCH_USER_PATHS = NO;
				CLANG_CXX_LANGUAGE_STANDARD = "gnu++0x";
				CLANG_CXX_LIBRARY = "libc++";
				CLANG_ENABLE_MODULES = YES;
				CLANG_ENABLE_OBJC_ARC = YES;
				CLANG_WARN_BOOL_CONVERSION = YES;
				CLANG_WARN_CONSTANT_CONVERSION = YES;
				CLANG_WARN_DIRECT_OBJC_ISA_USAGE = YES_ERROR;
				CLANG_WARN_EMPTY_BODY = YES;
				CLANG_WARN_ENUM_CONVERSION = YES;
				CLANG_WARN_INT_CONVERSION = YES;
				CLANG_WARN_OBJC_ROOT_CLASS = YES_ERROR;
				CLANG_WARN__DUPLICATE_METHOD_MATCH = YES;
				"CODE_SIGN_IDENTITY[sdk=iphoneos*]" = "iPhone Developer";
				COPY_PHASE_STRIP = NO;
				GCC_C_LANGUAGE_STANDARD = gnu99;
				GCC_DYNAMIC_NO_PIC = NO;
				GCC_OPTIMIZATION_LEVEL = 0;
				GCC_PREPROCESSOR_DEFINITIONS = (
					"DEBUG=1",
					"$(inherited)",
				);
				GCC_SYMBOLS_PRIVATE_EXTERN = NO;
				GCC_WARN_ABOUT_RETURN_TYPE = YES_ERROR;
				GCC_WARN_UNDECLARED_SELECTOR = YES;
				GCC_WARN_UNINITIALIZED_AUTOS = YES;
				GCC_WARN_UNUSED_FUNCTION = YES;
				GCC_WARN_UNUSED_VARIABLE = YES;
				IPHONEOS_DEPLOYMENT_TARGET = 7.0;
				ONLY_ACTIVE_ARCH = YES;
				SDKROOT = iphoneos;
			};
			name = Debug;
		};
		C94101961790AADF006378C3 /* Release */ = {
			isa = XCBuildConfiguration;
			buildSettings = {
				ALWAYS_SEARCH_USER_PATHS = NO;
				CLANG_CXX_LANGUAGE_STANDARD = "gnu++0x";
				CLANG_CXX_LIBRARY = "libc++";
				CLANG_ENABLE_MODULES = YES;
				CLANG_ENABLE_OBJC_ARC = YES;
				CLANG_WARN_BOOL_CONVERSION = YES;
				CLANG_WARN_CONSTANT_CONVERSION = YES;
				CLANG_WARN_DIRECT_OBJC_ISA_USAGE = YES_ERROR;
				CLANG_WARN_EMPTY_BODY = YES;
				CLANG_WARN_ENUM_CONVERSION = YES;
				CLANG_WARN_INT_CONVERSION = YES;
				CLANG_WARN_OBJC_ROOT_CLASS = YES_ERROR;
				CLANG_WARN__DUPLICATE_METHOD_MATCH = YES;
				"CODE_SIGN_IDENTITY[sdk=iphoneos*]" = "iPhone Developer";
				COPY_PHASE_STRIP = YES;
				ENABLE_NS_ASSERTIONS = NO;
				GCC_C_LANGUAGE_STANDARD = gnu99;
				GCC_WARN_ABOUT_RETURN_TYPE = YES_ERROR;
				GCC_WARN_UNDECLARED_SELECTOR = YES;
				GCC_WARN_UNINITIALIZED_AUTOS = YES;
				GCC_WARN_UNUSED_FUNCTION = YES;
				GCC_WARN_UNUSED_VARIABLE = YES;
				IPHONEOS_DEPLOYMENT_TARGET = 7.0;
				SDKROOT = iphoneos;
				VALIDATE_PRODUCT = YES;
			};
			name = Release;
		};
		C94101981790AADF006378C3 /* Debug */ = {
			isa = XCBuildConfiguration;
			buildSettings = {
				ASSETCATALOG_COMPILER_APPICON_NAME = AppIcon;
				ASSETCATALOG_COMPILER_LAUNCHIMAGE_NAME = LaunchImage;
				CODE_SIGN_ENTITLEMENTS = AudioHost/AudioHost.entitlements;
				CODE_SIGN_IDENTITY = "iPhone Developer";
				GCC_PRECOMPILE_PREFIX_HEADER = YES;
				GCC_PREFIX_HEADER = "AudioHost/AudioHost-Prefix.pch";
				INFOPLIST_FILE = "AudioHost/AudioHost-Info.plist";
				PRODUCT_NAME = "$(TARGET_NAME)";
				WRAPPER_EXTENSION = app;
			};
			name = Debug;
		};
		C94101991790AADF006378C3 /* Release */ = {
			isa = XCBuildConfiguration;
			buildSettings = {
				ASSETCATALOG_COMPILER_APPICON_NAME = AppIcon;
				ASSETCATALOG_COMPILER_LAUNCHIMAGE_NAME = LaunchImage;
				CODE_SIGN_ENTITLEMENTS = AudioHost/AudioHost.entitlements;
				CODE_SIGN_IDENTITY = "iPhone Developer";
				GCC_PRECOMPILE_PREFIX_HEADER = YES;
				GCC_PREFIX_HEADER = "AudioHost/AudioHost-Prefix.pch";
				INFOPLIST_FILE = "AudioHost/AudioHost-Info.plist";
				PRODUCT_NAME = "$(TARGET_NAME)";
				WRAPPER_EXTENSION = app;
			};
			name = Release;
		};
		C941019B1790AADF006378C3 /* Debug */ = {
			isa = XCBuildConfiguration;
			buildSettings = {
				BUNDLE_LOADER = "$(BUILT_PRODUCTS_DIR)/AudioHost.app/AudioHost";
				FRAMEWORK_SEARCH_PATHS = (
					"$(SDKROOT)/Developer/Library/Frameworks",
					"$(inherited)",
					"$(SYSTEM_APPS_DIR)/Xcode5-DP3.app/Contents/Developer/Library/Frameworks",
				);
				GCC_PRECOMPILE_PREFIX_HEADER = YES;
				GCC_PREFIX_HEADER = "AudioHost/AudioHost-Prefix.pch";
				GCC_PREPROCESSOR_DEFINITIONS = (
					"DEBUG=1",
					"$(inherited)",
				);
				INFOPLIST_FILE = "AudioHostTests/AudioHostTests-Info.plist";
				PRODUCT_NAME = "$(TARGET_NAME)";
				TEST_HOST = "$(BUNDLE_LOADER)";
				WRAPPER_EXTENSION = xctest;
			};
			name = Debug;
		};
		C941019C1790AADF006378C3 /* Release */ = {
			isa = XCBuildConfiguration;
			buildSettings = {
				BUNDLE_LOADER = "$(BUILT_PRODUCTS_DIR)/AudioHost.app/AudioHost";
				FRAMEWORK_SEARCH_PATHS = (
					"$(SDKROOT)/Developer/Library/Frameworks",
					"$(inherited)",
					"$(SYSTEM_APPS_DIR)/Xcode5-DP3.app/Contents/Developer/Library/Frameworks",
				);
				GCC_PRECOMPILE_PREFIX_HEADER = YES;
				GCC_PREFIX_HEADER = "AudioHost/AudioHost-Prefix.pch";
				INFOPLIST_FILE = "AudioHostTests/AudioHostTests-Info.plist";
				PRODUCT_NAME = "$(TARGET_NAME)";
				TEST_HOST = "$(BUNDLE_LOADER)";
				WRAPPER_EXTENSION = xctest;
			};
			name = Release;
		};
/* End XCBuildConfiguration section */

/* Begin XCConfigurationList section */
		C94101601790AADE006378C3 /* Build configuration list for PBXProject "AudioHost" */ = {
			isa = XCConfigurationList;
			buildConfigurations = (
				C94101951790AADF006378C3 /* Debug */,
				C94101961790AADF006378C3 /* Release */,
			);
			defaultConfigurationIsVisible = 0;
			defaultConfigurationName = Release;
		};
		C94101971790AADF006378C3 /* Build configuration list for PBXNativeTarget "AudioHost" */ = {
			isa = XCConfigurationList;
			buildConfigurations = (
				C94101981790AADF006378C3 /* Debug */,
				C94101991790AADF006378C3 /* Release */,
			);
			defaultConfigurationIsVisible = 0;
			defaultConfigurationName = Release;
		};
		C941019A1790AADF006378C3 /* Build configuration list for PBXNativeTarget "AudioHostTests" */ = {
			isa = XCConfigurationList;
			buildConfigurations = (
				C941019B1790AADF006378C3 /* Debug */,
				C941019C1790AADF006378C3 /* Release */,
			);
			defaultConfigurationIsVisible = 0;
			defaultConfigurationName = Release;
		};
/* End XCConfigurationList section */
	};
	rootObject = C941015D1790AADE006378C3 /* Project object */;
}
